
Microsoft Visual Studio Solution File, Format Version 12.00
# Visual Studio Version 16
VisualStudioVersion = 16.0.30320.27
MinimumVisualStudioVersion = 10.0.40219.1
Project("{FAE04EC0-301F-11D3-BF4B-00C04F79EFBC}") = "X_Forms.UWP", "X_Forms\X_Forms.UWP\X_Forms.UWP.csproj", "{5BDA7149-9173-48B3-ABAB-F0DA7CC55F1D}"
EndProject
Project("{FAE04EC0-301F-11D3-BF4B-00C04F79EFBC}") = "X_Forms.Android", "X_Forms\X_Forms.Android\X_Forms.Android.csproj", "{C7BA9044-A058-42FA-AA20-81AC359B0CBA}"
EndProject
Project("{FAE04EC0-301F-11D3-BF4B-00C04F79EFBC}") = "X_Forms.iOS", "X_Forms\X_Forms.iOS\X_Forms.iOS.csproj", "{85E414A1-3CCC-4A45-B9DC-A0DA05E89F54}"
EndProject
Project("{FAE04EC0-301F-11D3-BF4B-00C04F79EFBC}") = "X_Forms", "X_Forms\X_Forms\X_Forms.csproj", "{411A5A7D-DB74-4E20-8794-2DA0710DA996}"
EndProject
Global
	GlobalSection(SolutionConfigurationPlatforms) = preSolution
		Debug|Any CPU = Debug|Any CPU
		Debug|ARM = Debug|ARM
		Debug|iPhone = Debug|iPhone
		Debug|iPhoneSimulator = Debug|iPhoneSimulator
		Debug|x64 = Debug|x64
		Debug|x86 = Debug|x86
		Release|Any CPU = Release|Any CPU
		Release|ARM = Release|ARM
		Release|iPhone = Release|iPhone
		Release|iPhoneSimulator = Release|iPhoneSimulator
		Release|x64 = Release|x64
		Release|x86 = Release|x86
	EndGlobalSection
	GlobalSection(ProjectConfigurationPlatforms) = postSolution
		{5BDA7149-9173-48B3-ABAB-F0DA7CC55F1D}.Debug|Any CPU.ActiveCfg = Debug|x86
		{5BDA7149-9173-48B3-ABAB-F0DA7CC55F1D}.Debug|Any CPU.Build.0 = Debug|x86
		{5BDA7149-9173-48B3-ABAB-F0DA7CC55F1D}.Debug|Any CPU.Deploy.0 = Debug|x86
		{5BDA7149-9173-48B3-ABAB-F0DA7CC55F1D}.Debug|ARM.ActiveCfg = Debug|ARM
		{5BDA7149-9173-48B3-ABAB-F0DA7CC55F1D}.Debug|ARM.Build.0 = Debug|ARM
		{5BDA7149-9173-48B3-ABAB-F0DA7CC55F1D}.Debug|ARM.Deploy.0 = Debug|ARM
		{5BDA7149-9173-48B3-ABAB-F0DA7CC55F1D}.Debug|iPhone.ActiveCfg = Debug|x86
		{5BDA7149-9173-48B3-ABAB-F0DA7CC55F1D}.Debug|iPhone.Build.0 = Debug|x86
		{5BDA7149-9173-48B3-ABAB-F0DA7CC55F1D}.Debug|iPhone.Deploy.0 = Debug|x86
		{5BDA7149-9173-48B3-ABAB-F0DA7CC55F1D}.Debug|iPhoneSimulator.ActiveCfg = Debug|x86
		{5BDA7149-9173-48B3-ABAB-F0DA7CC55F1D}.Debug|iPhoneSimulator.Build.0 = Debug|x86
		{5BDA7149-9173-48B3-ABAB-F0DA7CC55F1D}.Debug|iPhoneSimulator.Deploy.0 = Debug|x86
		{5BDA7149-9173-48B3-ABAB-F0DA7CC55F1D}.Debug|x64.ActiveCfg = Debug|x64
		{5BDA7149-9173-48B3-ABAB-F0DA7CC55F1D}.Debug|x64.Build.0 = Debug|x64
		{5BDA7149-9173-48B3-ABAB-F0DA7CC55F1D}.Debug|x64.Deploy.0 = Debug|x64
		{5BDA7149-9173-48B3-ABAB-F0DA7CC55F1D}.Debug|x86.ActiveCfg = Debug|x86
		{5BDA7149-9173-48B3-ABAB-F0DA7CC55F1D}.Debug|x86.Build.0 = Debug|x86
		{5BDA7149-9173-48B3-ABAB-F0DA7CC55F1D}.Debug|x86.Deploy.0 = Debug|x86
		{5BDA7149-9173-48B3-ABAB-F0DA7CC55F1D}.Release|Any CPU.ActiveCfg = Release|x86
		{5BDA7149-9173-48B3-ABAB-F0DA7CC55F1D}.Release|Any CPU.Build.0 = Release|x86
		{5BDA7149-9173-48B3-ABAB-F0DA7CC55F1D}.Release|Any CPU.Deploy.0 = Release|x86
		{5BDA7149-9173-48B3-ABAB-F0DA7CC55F1D}.Release|ARM.ActiveCfg = Release|ARM
		{5BDA7149-9173-48B3-ABAB-F0DA7CC55F1D}.Release|ARM.Build.0 = Release|ARM
		{5BDA7149-9173-48B3-ABAB-F0DA7CC55F1D}.Release|ARM.Deploy.0 = Release|ARM
		{5BDA7149-9173-48B3-ABAB-F0DA7CC55F1D}.Release|iPhone.ActiveCfg = Release|x86
		{5BDA7149-9173-48B3-ABAB-F0DA7CC55F1D}.Release|iPhone.Build.0 = Release|x86
		{5BDA7149-9173-48B3-ABAB-F0DA7CC55F1D}.Release|iPhone.Deploy.0 = Release|x86
		{5BDA7149-9173-48B3-ABAB-F0DA7CC55F1D}.Release|iPhoneSimulator.ActiveCfg = Release|x86
		{5BDA7149-9173-48B3-ABAB-F0DA7CC55F1D}.Release|iPhoneSimulator.Build.0 = Release|x86
		{5BDA7149-9173-48B3-ABAB-F0DA7CC55F1D}.Release|iPhoneSimulator.Deploy.0 = Release|x86
		{5BDA7149-9173-48B3-ABAB-F0DA7CC55F1D}.Release|x64.ActiveCfg = Release|x64
		{5BDA7149-9173-48B3-ABAB-F0DA7CC55F1D}.Release|x64.Build.0 = Release|x64
		{5BDA7149-9173-48B3-ABAB-F0DA7CC55F1D}.Release|x64.Deploy.0 = Release|x64
		{5BDA7149-9173-48B3-ABAB-F0DA7CC55F1D}.Release|x86.ActiveCfg = Release|x86
		{5BDA7149-9173-48B3-ABAB-F0DA7CC55F1D}.Release|x86.Build.0 = Release|x86
		{5BDA7149-9173-48B3-ABAB-F0DA7CC55F1D}.Release|x86.Deploy.0 = Release|x86
		{C7BA9044-A058-42FA-AA20-81AC359B0CBA}.Debug|Any CPU.ActiveCfg = Debug|Any CPU
		{C7BA9044-A058-42FA-AA20-81AC359B0CBA}.Debug|Any CPU.Build.0 = Debug|Any CPU
		{C7BA9044-A058-42FA-AA20-81AC359B0CBA}.Debug|Any CPU.Deploy.0 = Debug|Any CPU
		{C7BA9044-A058-42FA-AA20-81AC359B0CBA}.Debug|ARM.ActiveCfg = Debug|Any CPU
		{C7BA9044-A058-42FA-AA20-81AC359B0CBA}.Debug|ARM.Build.0 = Debug|Any CPU
		{C7BA9044-A058-42FA-AA20-81AC359B0CBA}.Debug|ARM.Deploy.0 = Debug|Any CPU
		{C7BA9044-A058-42FA-AA20-81AC359B0CBA}.Debug|iPhone.ActiveCfg = Debug|Any CPU
		{C7BA9044-A058-42FA-AA20-81AC359B0CBA}.Debug|iPhone.Build.0 = Debug|Any CPU
		{C7BA9044-A058-42FA-AA20-81AC359B0CBA}.Debug|iPhone.Deploy.0 = Debug|Any CPU
		{C7BA9044-A058-42FA-AA20-81AC359B0CBA}.Debug|iPhoneSimulator.ActiveCfg = Debug|Any CPU
		{C7BA9044-A058-42FA-AA20-81AC359B0CBA}.Debug|iPhoneSimulator.Build.0 = Debug|Any CPU
		{C7BA9044-A058-42FA-AA20-81AC359B0CBA}.Debug|iPhoneSimulator.Deploy.0 = Debug|Any CPU
		{C7BA9044-A058-42FA-AA20-81AC359B0CBA}.Debug|x64.ActiveCfg = Debug|Any CPU
		{C7BA9044-A058-42FA-AA20-81AC359B0CBA}.Debug|x64.Build.0 = Debug|Any CPU
		{C7BA9044-A058-42FA-AA20-81AC359B0CBA}.Debug|x64.Deploy.0 = Debug|Any CPU
		{C7BA9044-A058-42FA-AA20-81AC359B0CBA}.Debug|x86.ActiveCfg = Debug|Any CPU
		{C7BA9044-A058-42FA-AA20-81AC359B0CBA}.Debug|x86.Build.0 = Debug|Any CPU
		{C7BA9044-A058-42FA-AA20-81AC359B0CBA}.Debug|x86.Deploy.0 = Debug|Any CPU
		{C7BA9044-A058-42FA-AA20-81AC359B0CBA}.Release|Any CPU.ActiveCfg = Release|Any CPU
		{C7BA9044-A058-42FA-AA20-81AC359B0CBA}.Release|Any CPU.Build.0 = Release|Any CPU
		{C7BA9044-A058-42FA-AA20-81AC359B0CBA}.Release|Any CPU.Deploy.0 = Release|Any CPU
		{C7BA9044-A058-42FA-AA20-81AC359B0CBA}.Release|ARM.ActiveCfg = Release|Any CPU
		{C7BA9044-A058-42FA-AA20-81AC359B0CBA}.Release|ARM.Build.0 = Release|Any CPU
		{C7BA9044-A058-42FA-AA20-81AC359B0CBA}.Release|ARM.Deploy.0 = Release|Any CPU
		{C7BA9044-A058-42FA-AA20-81AC359B0CBA}.Release|iPhone.ActiveCfg = Release|Any CPU
		{C7BA9044-A058-42FA-AA20-81AC359B0CBA}.Release|iPhone.Build.0 = Release|Any CPU
		{C7BA9044-A058-42FA-AA20-81AC359B0CBA}.Release|iPhone.Deploy.0 = Release|Any CPU
		{C7BA9044-A058-42FA-AA20-81AC359B0CBA}.Release|iPhoneSimulator.ActiveCfg = Release|Any CPU
		{C7BA9044-A058-42FA-AA20-81AC359B0CBA}.Release|iPhoneSimulator.Build.0 = Release|Any CPU
		{C7BA9044-A058-42FA-AA20-81AC359B0CBA}.Release|iPhoneSimulator.Deploy.0 = Release|Any CPU
		{C7BA9044-A058-42FA-AA20-81AC359B0CBA}.Release|x64.ActiveCfg = Release|Any CPU
		{C7BA9044-A058-42FA-AA20-81AC359B0CBA}.Release|x64.Build.0 = Release|Any CPU
		{C7BA9044-A058-42FA-AA20-81AC359B0CBA}.Release|x64.Deploy.0 = Release|Any CPU
		{C7BA9044-A058-42FA-AA20-81AC359B0CBA}.Release|x86.ActiveCfg = Release|Any CPU
		{C7BA9044-A058-42FA-AA20-81AC359B0CBA}.Release|x86.Build.0 = Release|Any CPU
		{C7BA9044-A058-42FA-AA20-81AC359B0CBA}.Release|x86.Deploy.0 = Release|Any CPU
		{85E414A1-3CCC-4A45-B9DC-A0DA05E89F54}.Debug|Any CPU.ActiveCfg = Debug|iPhone
		{85E414A1-3CCC-4A45-B9DC-A0DA05E89F54}.Debug|Any CPU.Build.0 = Debug|iPhone
		{85E414A1-3CCC-4A45-B9DC-A0DA05E89F54}.Debug|Any CPU.Deploy.0 = Debug|iPhone
		{85E414A1-3CCC-4A45-B9DC-A0DA05E89F54}.Debug|ARM.ActiveCfg = Debug|iPhone
		{85E414A1-3CCC-4A45-B9DC-A0DA05E89F54}.Debug|ARM.Build.0 = Debug|iPhone
		{85E414A1-3CCC-4A45-B9DC-A0DA05E89F54}.Debug|ARM.Deploy.0 = Debug|iPhone
		{85E414A1-3CCC-4A45-B9DC-A0DA05E89F54}.Debug|iPhone.ActiveCfg = Debug|iPhone
		{85E414A1-3CCC-4A45-B9DC-A0DA05E89F54}.Debug|iPhone.Build.0 = Debug|iPhone
		{85E414A1-3CCC-4A45-B9DC-A0DA05E89F54}.Debug|iPhone.Deploy.0 = Debug|iPhone
		{85E414A1-3CCC-4A45-B9DC-A0DA05E89F54}.Debug|iPhoneSimulator.ActiveCfg = Debug|iPhoneSimulator
		{85E414A1-3CCC-4A45-B9DC-A0DA05E89F54}.Debug|iPhoneSimulator.Build.0 = Debug|iPhoneSimulator
		{85E414A1-3CCC-4A45-B9DC-A0DA05E89F54}.Debug|iPhoneSimulator.Deploy.0 = Debug|iPhoneSimulator
		{85E414A1-3CCC-4A45-B9DC-A0DA05E89F54}.Debug|x64.ActiveCfg = Debug|iPhone
		{85E414A1-3CCC-4A45-B9DC-A0DA05E89F54}.Debug|x64.Build.0 = Debug|iPhone
		{85E414A1-3CCC-4A45-B9DC-A0DA05E89F54}.Debug|x64.Deploy.0 = Debug|iPhone
		{85E414A1-3CCC-4A45-B9DC-A0DA05E89F54}.Debug|x86.ActiveCfg = Debug|iPhone
		{85E414A1-3CCC-4A45-B9DC-A0DA05E89F54}.Debug|x86.Build.0 = Debug|iPhone
		{85E414A1-3CCC-4A45-B9DC-A0DA05E89F54}.Debug|x86.Deploy.0 = Debug|iPhone
		{85E414A1-3CCC-4A45-B9DC-A0DA05E89F54}.Release|Any CPU.ActiveCfg = Release|iPhone
		{85E414A1-3CCC-4A45-B9DC-A0DA05E89F54}.Release|Any CPU.Build.0 = Release|iPhone
		{85E414A1-3CCC-4A45-B9DC-A0DA05E89F54}.Release|Any CPU.Deploy.0 = Release|iPhone
		{85E414A1-3CCC-4A45-B9DC-A0DA05E89F54}.Release|ARM.ActiveCfg = Release|iPhone
		{85E414A1-3CCC-4A45-B9DC-A0DA05E89F54}.Release|ARM.Build.0 = Release|iPhone
		{85E414A1-3CCC-4A45-B9DC-A0DA05E89F54}.Release|ARM.Deploy.0 = Release|iPhone
		{85E414A1-3CCC-4A45-B9DC-A0DA05E89F54}.Release|iPhone.ActiveCfg = Release|iPhone
		{85E414A1-3CCC-4A45-B9DC-A0DA05E89F54}.Release|iPhone.Build.0 = Release|iPhone
		{85E414A1-3CCC-4A45-B9DC-A0DA05E89F54}.Release|iPhone.Deploy.0 = Release|iPhone
		{85E414A1-3CCC-4A45-B9DC-A0DA05E89F54}.Release|iPhoneSimulator.ActiveCfg = Release|iPhoneSimulator
		{85E414A1-3CCC-4A45-B9DC-A0DA05E89F54}.Release|iPhoneSimulator.Build.0 = Release|iPhoneSimulator
		{85E414A1-3CCC-4A45-B9DC-A0DA05E89F54}.Release|iPhoneSimulator.Deploy.0 = Release|iPhoneSimulator
		{85E414A1-3CCC-4A45-B9DC-A0DA05E89F54}.Release|x64.ActiveCfg = Release|iPhone
		{85E414A1-3CCC-4A45-B9DC-A0DA05E89F54}.Release|x64.Build.0 = Release|iPhone
		{85E414A1-3CCC-4A45-B9DC-A0DA05E89F54}.Release|x64.Deploy.0 = Release|iPhone
		{85E414A1-3CCC-4A45-B9DC-A0DA05E89F54}.Release|x86.ActiveCfg = Release|iPhone
		{85E414A1-3CCC-4A45-B9DC-A0DA05E89F54}.Release|x86.Build.0 = Release|iPhone
		{85E414A1-3CCC-4A45-B9DC-A0DA05E89F54}.Release|x86.Deploy.0 = Release|iPhone
		{411A5A7D-DB74-4E20-8794-2DA0710DA996}.Debug|Any CPU.ActiveCfg = Debug|Any CPU
		{411A5A7D-DB74-4E20-8794-2DA0710DA996}.Debug|Any CPU.Build.0 = Debug|Any CPU
		{411A5A7D-DB74-4E20-8794-2DA0710DA996}.Debug|Any CPU.Deploy.0 = Debug|Any CPU
		{411A5A7D-DB74-4E20-8794-2DA0710DA996}.Debug|ARM.ActiveCfg = Debug|Any CPU
		{411A5A7D-DB74-4E20-8794-2DA0710DA996}.Debug|ARM.Build.0 = Debug|Any CPU
		{411A5A7D-DB74-4E20-8794-2DA0710DA996}.Debug|ARM.Deploy.0 = Debug|Any CPU
		{411A5A7D-DB74-4E20-8794-2DA0710DA996}.Debug|iPhone.ActiveCfg = Debug|Any CPU
		{411A5A7D-DB74-4E20-8794-2DA0710DA996}.Debug|iPhone.Build.0 = Debug|Any CPU
		{411A5A7D-DB74-4E20-8794-2DA0710DA996}.Debug|iPhone.Deploy.0 = Debug|Any CPU
		{411A5A7D-DB74-4E20-8794-2DA0710DA996}.Debug|iPhoneSimulator.ActiveCfg = Debug|Any CPU
		{411A5A7D-DB74-4E20-8794-2DA0710DA996}.Debug|iPhoneSimulator.Build.0 = Debug|Any CPU
		{411A5A7D-DB74-4E20-8794-2DA0710DA996}.Debug|iPhoneSimulator.Deploy.0 = Debug|Any CPU
		{411A5A7D-DB74-4E20-8794-2DA0710DA996}.Debug|x64.ActiveCfg = Debug|Any CPU
		{411A5A7D-DB74-4E20-8794-2DA0710DA996}.Debug|x64.Build.0 = Debug|Any CPU
		{411A5A7D-DB74-4E20-8794-2DA0710DA996}.Debug|x64.Deploy.0 = Debug|Any CPU
		{411A5A7D-DB74-4E20-8794-2DA0710DA996}.Debug|x86.ActiveCfg = Debug|Any CPU
		{411A5A7D-DB74-4E20-8794-2DA0710DA996}.Debug|x86.Build.0 = Debug|Any CPU
		{411A5A7D-DB74-4E20-8794-2DA0710DA996}.Debug|x86.Deploy.0 = Debug|Any CPU
		{411A5A7D-DB74-4E20-8794-2DA0710DA996}.Release|Any CPU.ActiveCfg = Release|Any CPU
		{411A5A7D-DB74-4E20-8794-2DA0710DA996}.Release|Any CPU.Build.0 = Release|Any CPU
		{411A5A7D-DB74-4E20-8794-2DA0710DA996}.Release|Any CPU.Deploy.0 = Release|Any CPU
		{411A5A7D-DB74-4E20-8794-2DA0710DA996}.Release|ARM.ActiveCfg = Release|Any CPU
		{411A5A7D-DB74-4E20-8794-2DA0710DA996}.Release|ARM.Build.0 = Release|Any CPU
		{411A5A7D-DB74-4E20-8794-2DA0710DA996}.Release|ARM.Deploy.0 = Release|Any CPU
		{411A5A7D-DB74-4E20-8794-2DA0710DA996}.Release|iPhone.ActiveCfg = Release|Any CPU
		{411A5A7D-DB74-4E20-8794-2DA0710DA996}.Release|iPhone.Build.0 = Release|Any CPU
		{411A5A7D-DB74-4E20-8794-2DA0710DA996}.Release|iPhone.Deploy.0 = Release|Any CPU
		{411A5A7D-DB74-4E20-8794-2DA0710DA996}.Release|iPhoneSimulator.ActiveCfg = Release|Any CPU
		{411A5A7D-DB74-4E20-8794-2DA0710DA996}.Release|iPhoneSimulator.Build.0 = Release|Any CPU
		{411A5A7D-DB74-4E20-8794-2DA0710DA996}.Release|iPhoneSimulator.Deploy.0 = Release|Any CPU
		{411A5A7D-DB74-4E20-8794-2DA0710DA996}.Release|x64.ActiveCfg = Release|Any CPU
		{411A5A7D-DB74-4E20-8794-2DA0710DA996}.Release|x64.Build.0 = Release|Any CPU
		{411A5A7D-DB74-4E20-8794-2DA0710DA996}.Release|x64.Deploy.0 = Release|Any CPU
		{411A5A7D-DB74-4E20-8794-2DA0710DA996}.Release|x86.ActiveCfg = Release|Any CPU
		{411A5A7D-DB74-4E20-8794-2DA0710DA996}.Release|x86.Build.0 = Release|Any CPU
		{411A5A7D-DB74-4E20-8794-2DA0710DA996}.Release|x86.Deploy.0 = Release|Any CPU
	EndGlobalSection
	GlobalSection(SolutionProperties) = preSolution
		HideSolutionNode = FALSE
	EndGlobalSection
	GlobalSection(ExtensibilityGlobals) = postSolution
		SolutionGuid = {BC666C3B-D317-4AD4-8460-9B4FE92A3362}
	EndGlobalSection
EndGlobal
